// !$*UTF8*$!
{
	archiveVersion = 1;
	classes = {
	};
	objectVersion = 46;
	objects = {

/* Begin PBXBuildFile section */
		A1B5DBDD19369ABF004AC763 /* Foundation.framework in Frameworks */ = {isa = PBXBuildFile; fileRef = A1B5DBDC19369ABF004AC763 /* Foundation.framework */; };
		A1B5DBDF19369ABF004AC763 /* CoreGraphics.framework in Frameworks */ = {isa = PBXBuildFile; fileRef = A1B5DBDE19369ABF004AC763 /* CoreGraphics.framework */; };
		A1B5DBE119369ABF004AC763 /* UIKit.framework in Frameworks */ = {isa = PBXBuildFile; fileRef = A1B5DBE019369ABF004AC763 /* UIKit.framework */; };
		A1B5DBE719369ABF004AC763 /* InfoPlist.strings in Resources */ = {isa = PBXBuildFile; fileRef = A1B5DBE519369ABF004AC763 /* InfoPlist.strings */; };
		A1B5DBE919369ABF004AC763 /* main.m in Sources */ = {isa = PBXBuildFile; fileRef = A1B5DBE819369ABF004AC763 /* main.m */; };
		A1B5DBED19369ABF004AC763 /* CalcAppDelegate.m in Sources */ = {isa = PBXBuildFile; fileRef = A1B5DBEC19369ABF004AC763 /* CalcAppDelegate.m */; };
		A1B5DBF019369ABF004AC763 /* Main.storyboard in Resources */ = {isa = PBXBuildFile; fileRef = A1B5DBEE19369ABF004AC763 /* Main.storyboard */; };
		A1B5DBF319369ABF004AC763 /* CalcViewController.m in Sources */ = {isa = PBXBuildFile; fileRef = A1B5DBF219369ABF004AC763 /* CalcViewController.m */; };
		A1B5DBF519369ABF004AC763 /* Images.xcassets in Resources */ = {isa = PBXBuildFile; fileRef = A1B5DBF419369ABF004AC763 /* Images.xcassets */; };
		A1B5DBFC19369ABF004AC763 /* XCTest.framework in Frameworks */ = {isa = PBXBuildFile; fileRef = A1B5DBFB19369ABF004AC763 /* XCTest.framework */; };
		A1B5DBFD19369ABF004AC763 /* Foundation.framework in Frameworks */ = {isa = PBXBuildFile; fileRef = A1B5DBDC19369ABF004AC763 /* Foundation.framework */; };
		A1B5DBFE19369ABF004AC763 /* UIKit.framework in Frameworks */ = {isa = PBXBuildFile; fileRef = A1B5DBE019369ABF004AC763 /* UIKit.framework */; };
		A1B5DC0619369ABF004AC763 /* InfoPlist.strings in Resources */ = {isa = PBXBuildFile; fileRef = A1B5DC0419369ABF004AC763 /* InfoPlist.strings */; };
		A1B5DC0819369ABF004AC763 /* CalculatorTests.m in Sources */ = {isa = PBXBuildFile; fileRef = A1B5DC0719369ABF004AC763 /* CalculatorTests.m */; };
/* End PBXBuildFile section */

/* Begin PBXContainerItemProxy section */
		A1B5DBFF19369ABF004AC763 /* PBXContainerItemProxy */ = {
			isa = PBXContainerItemProxy;
			containerPortal = A1B5DBD119369ABF004AC763 /* Project object */;
			proxyType = 1;
			remoteGlobalIDString = A1B5DBD819369ABF004AC763;
			remoteInfo = Calculator;
		};
/* End PBXContainerItemProxy section */

/* Begin PBXFileReference section */
		A1B5DBD919369ABF004AC763 /* Calculator.app */ = {isa = PBXFileReference; explicitFileType = wrapper.application; includeInIndex = 0; path = Calculator.app; sourceTree = BUILT_PRODUCTS_DIR; };
		A1B5DBDC19369ABF004AC763 /* Foundation.framework */ = {isa = PBXFileReference; lastKnownFileType = wrapper.framework; name = Foundation.framework; path = System/Library/Frameworks/Foundation.framework; sourceTree = SDKROOT; };
		A1B5DBDE19369ABF004AC763 /* CoreGraphics.framework */ = {isa = PBXFileReference; lastKnownFileType = wrapper.framework; name = CoreGraphics.framework; path = System/Library/Frameworks/CoreGraphics.framework; sourceTree = SDKROOT; };
		A1B5DBE019369ABF004AC763 /* UIKit.framework */ = {isa = PBXFileReference; lastKnownFileType = wrapper.framework; name = UIKit.framework; path = System/Library/Frameworks/UIKit.framework; sourceTree = SDKROOT; };
		A1B5DBE419369ABF004AC763 /* Calculator-Info.plist */ = {isa = PBXFileReference; lastKnownFileType = text.plist.xml; path = "Calculator-Info.plist"; sourceTree = "<group>"; };
		A1B5DBE619369ABF004AC763 /* en */ = {isa = PBXFileReference; lastKnownFileType = text.plist.strings; name = en; path = en.lproj/InfoPlist.strings; sourceTree = "<group>"; };
		A1B5DBE819369ABF004AC763 /* main.m */ = {isa = PBXFileReference; lastKnownFileType = sourcecode.c.objc; path = main.m; sourceTree = "<group>"; };
		A1B5DBEA19369ABF004AC763 /* Calculator-Prefix.pch */ = {isa = PBXFileReference; lastKnownFileType = sourcecode.c.h; path = "Calculator-Prefix.pch"; sourceTree = "<group>"; };
		A1B5DBEB19369ABF004AC763 /* CalcAppDelegate.h */ = {isa = PBXFileReference; lastKnownFileType = sourcecode.c.h; path = CalcAppDelegate.h; sourceTree = "<group>"; };
		A1B5DBEC19369ABF004AC763 /* CalcAppDelegate.m */ = {isa = PBXFileReference; lastKnownFileType = sourcecode.c.objc; path = CalcAppDelegate.m; sourceTree = "<group>"; };
		A1B5DBEF19369ABF004AC763 /* Base */ = {isa = PBXFileReference; lastKnownFileType = file.storyboard; name = Base; path = Base.lproj/Main.storyboard; sourceTree = "<group>"; };
		A1B5DBF119369ABF004AC763 /* CalcViewController.h */ = {isa = PBXFileReference; lastKnownFileType = sourcecode.c.h; path = CalcViewController.h; sourceTree = "<group>"; };
		A1B5DBF219369ABF004AC763 /* CalcViewController.m */ = {isa = PBXFileReference; lastKnownFileType = sourcecode.c.objc; path = CalcViewController.m; sourceTree = "<group>"; };
		A1B5DBF419369ABF004AC763 /* Images.xcassets */ = {isa = PBXFileReference; lastKnownFileType = folder.assetcatalog; path = Images.xcassets; sourceTree = "<group>"; };
		A1B5DBFA19369ABF004AC763 /* CalculatorTests.xctest */ = {isa = PBXFileReference; explicitFileType = wrapper.cfbundle; includeInIndex = 0; path = CalculatorTests.xctest; sourceTree = BUILT_PRODUCTS_DIR; };
		A1B5DBFB19369ABF004AC763 /* XCTest.framework */ = {isa = PBXFileReference; lastKnownFileType = wrapper.framework; name = XCTest.framework; path = Library/Frameworks/XCTest.framework; sourceTree = DEVELOPER_DIR; };
		A1B5DC0319369ABF004AC763 /* CalculatorTests-Info.plist */ = {isa = PBXFileReference; lastKnownFileType = text.plist.xml; path = "CalculatorTests-Info.plist"; sourceTree = "<group>"; };
		A1B5DC0519369ABF004AC763 /* en */ = {isa = PBXFileReference; lastKnownFileType = text.plist.strings; name = en; path = en.lproj/InfoPlist.strings; sourceTree = "<group>"; };
		A1B5DC0719369ABF004AC763 /* CalculatorTests.m */ = {isa = PBXFileReference; lastKnownFileType = sourcecode.c.objc; path = CalculatorTests.m; sourceTree = "<group>"; };
/* End PBXFileReference section */

/* Begin PBXFrameworksBuildPhase section */
		A1B5DBD619369ABF004AC763 /* Frameworks */ = {
			isa = PBXFrameworksBuildPhase;
			buildActionMask = 2147483647;
			files = (
				A1B5DBDF19369ABF004AC763 /* CoreGraphics.framework in Frameworks */,
				A1B5DBE119369ABF004AC763 /* UIKit.framework in Frameworks */,
				A1B5DBDD19369ABF004AC763 /* Foundation.framework in Frameworks */,
			);
			runOnlyForDeploymentPostprocessing = 0;
		};
		A1B5DBF719369ABF004AC763 /* Frameworks */ = {
			isa = PBXFrameworksBuildPhase;
			buildActionMask = 2147483647;
			files = (
				A1B5DBFC19369ABF004AC763 /* XCTest.framework in Frameworks */,
				A1B5DBFE19369ABF004AC763 /* UIKit.framework in Frameworks */,
				A1B5DBFD19369ABF004AC763 /* Foundation.framework in Frameworks */,
			);
			runOnlyForDeploymentPostprocessing = 0;
		};
/* End PBXFrameworksBuildPhase section */

/* Begin PBXGroup section */
		A1B5DBD019369ABF004AC763 = {
			isa = PBXGroup;
			children = (
				A1B5DBE219369ABF004AC763 /* Calculator */,
				A1B5DC0119369ABF004AC763 /* CalculatorTests */,
				A1B5DBDB19369ABF004AC763 /* Frameworks */,
				A1B5DBDA19369ABF004AC763 /* Products */,
			);
			sourceTree = "<group>";
		};
		A1B5DBDA19369ABF004AC763 /* Products */ = {
			isa = PBXGroup;
			children = (
				A1B5DBD919369ABF004AC763 /* Calculator.app */,
				A1B5DBFA19369ABF004AC763 /* CalculatorTests.xctest */,
			);
			name = Products;
			sourceTree = "<group>";
		};
		A1B5DBDB19369ABF004AC763 /* Frameworks */ = {
			isa = PBXGroup;
			children = (
				A1B5DBDC19369ABF004AC763 /* Foundation.framework */,
				A1B5DBDE19369ABF004AC763 /* CoreGraphics.framework */,
				A1B5DBE019369ABF004AC763 /* UIKit.framework */,
				A1B5DBFB19369ABF004AC763 /* XCTest.framework */,
			);
			name = Frameworks;
			sourceTree = "<group>";
		};
		A1B5DBE219369ABF004AC763 /* Calculator */ = {
			isa = PBXGroup;
			children = (
				A1B5DBEB19369ABF004AC763 /* CalcAppDelegate.h */,
				A1B5DBEC19369ABF004AC763 /* CalcAppDelegate.m */,
				A1B5DBEE19369ABF004AC763 /* Main.storyboard */,
				A1B5DBF119369ABF004AC763 /* CalcViewController.h */,
				A1B5DBF219369ABF004AC763 /* CalcViewController.m */,
				A1B5DBF419369ABF004AC763 /* Images.xcassets */,
				A1B5DBE319369ABF004AC763 /* Supporting Files */,
			);
			path = Calculator;
			sourceTree = "<group>";
		};
		A1B5DBE319369ABF004AC763 /* Supporting Files */ = {
			isa = PBXGroup;
			children = (
				A1B5DBE419369ABF004AC763 /* Calculator-Info.plist */,
				A1B5DBE519369ABF004AC763 /* InfoPlist.strings */,
				A1B5DBE819369ABF004AC763 /* main.m */,
				A1B5DBEA19369ABF004AC763 /* Calculator-Prefix.pch */,
			);
			name = "Supporting Files";
			sourceTree = "<group>";
		};
		A1B5DC0119369ABF004AC763 /* CalculatorTests */ = {
			isa = PBXGroup;
			children = (
				A1B5DC0719369ABF004AC763 /* CalculatorTests.m */,
				A1B5DC0219369ABF004AC763 /* Supporting Files */,
			);
			path = CalculatorTests;
			sourceTree = "<group>";
		};
		A1B5DC0219369ABF004AC763 /* Supporting Files */ = {
			isa = PBXGroup;
			children = (
				A1B5DC0319369ABF004AC763 /* CalculatorTests-Info.plist */,
				A1B5DC0419369ABF004AC763 /* InfoPlist.strings */,
			);
			name = "Supporting Files";
			sourceTree = "<group>";
		};
/* End PBXGroup section */

/* Begin PBXNativeTarget section */
		A1B5DBD819369ABF004AC763 /* Calculator */ = {
			isa = PBXNativeTarget;
			buildConfigurationList = A1B5DC0B19369ABF004AC763 /* Build configuration list for PBXNativeTarget "Calculator" */;
			buildPhases = (
				A1B5DBD519369ABF004AC763 /* Sources */,
				A1B5DBD619369ABF004AC763 /* Frameworks */,
				A1B5DBD719369ABF004AC763 /* Resources */,
			);
			buildRules = (
			);
			dependencies = (
			);
			name = Calculator;
			productName = Calculator;
			productReference = A1B5DBD919369ABF004AC763 /* Calculator.app */;
			productType = "com.apple.product-type.application";
		};
		A1B5DBF919369ABF004AC763 /* CalculatorTests */ = {
			isa = PBXNativeTarget;
			buildConfigurationList = A1B5DC0E19369ABF004AC763 /* Build configuration list for PBXNativeTarget "CalculatorTests" */;
			buildPhases = (
				A1B5DBF619369ABF004AC763 /* Sources */,
				A1B5DBF719369ABF004AC763 /* Frameworks */,
				A1B5DBF819369ABF004AC763 /* Resources */,
			);
			buildRules = (
			);
			dependencies = (
				A1B5DC0019369ABF004AC763 /* PBXTargetDependency */,
			);
			name = CalculatorTests;
			productName = CalculatorTests;
			productReference = A1B5DBFA19369ABF004AC763 /* CalculatorTests.xctest */;
			productType = "com.apple.product-type.bundle.unit-test";
		};
/* End PBXNativeTarget section */

/* Begin PBXProject section */
		A1B5DBD119369ABF004AC763 /* Project object */ = {
			isa = PBXProject;
			attributes = {
				CLASSPREFIX = Calc;
				LastUpgradeCheck = 0510;
				ORGANIZATIONNAME = "Muhammad Arafat";
				TargetAttributes = {
					A1B5DBF919369ABF004AC763 = {
						TestTargetID = A1B5DBD819369ABF004AC763;
					};
				};
			};
			buildConfigurationList = A1B5DBD419369ABF004AC763 /* Build configuration list for PBXProject "Calculator" */;
			compatibilityVersion = "Xcode 3.2";
			developmentRegion = English;
			hasScannedForEncodings = 0;
			knownRegions = (
				en,
				Base,
			);
			mainGroup = A1B5DBD019369ABF004AC763;
			productRefGroup = A1B5DBDA19369ABF004AC763 /* Products */;
			projectDirPath = "";
			projectRoot = "";
			targets = (
				A1B5DBD819369ABF004AC763 /* Calculator */,
				A1B5DBF919369ABF004AC763 /* CalculatorTests */,
			);
		};
/* End PBXProject section */

/* Begin PBXResourcesBuildPhase section */
		A1B5DBD719369ABF004AC763 /* Resources */ = {
			isa = PBXResourcesBuildPhase;
			buildActionMask = 2147483647;
			files = (
				A1B5DBF519369ABF004AC763 /* Images.xcassets in Resources */,
				A1B5DBE719369ABF004AC763 /* InfoPlist.strings in Resources */,
				A1B5DBF019369ABF004AC763 /* Main.storyboard in Resources */,
			);
			runOnlyForDeploymentPostprocessing = 0;
		};
		A1B5DBF819369ABF004AC763 /* Resources */ = {
			isa = PBXResourcesBuildPhase;
			buildActionMask = 2147483647;
			files = (
				A1B5DC0619369ABF004AC763 /* InfoPlist.strings in Resources */,
			);
			runOnlyForDeploymentPostprocessing = 0;
		};
/* End PBXResourcesBuildPhase section */

/* Begin PBXSourcesBuildPhase section */
		A1B5DBD519369ABF004AC763 /* Sources */ = {
			isa = PBXSourcesBuildPhase;
			buildActionMask = 2147483647;
			files = (
				A1B5DBE919369ABF004AC763 /* main.m in Sources */,
				A1B5DBF319369ABF004AC763 /* CalcViewController.m in Sources */,
				A1B5DBED19369ABF004AC763 /* CalcAppDelegate.m in Sources */,
			);
			runOnlyForDeploymentPostprocessing = 0;
		};
		A1B5DBF619369ABF004AC763 /* Sources */ = {
			isa = PBXSourcesBuildPhase;
			buildActionMask = 2147483647;
			files = (
				A1B5DC0819369ABF004AC763 /* CalculatorTests.m in Sources */,
			);
			runOnlyForDeploymentPostprocessing = 0;
		};
/* End PBXSourcesBuildPhase section */

/* Begin PBXTargetDependency section */
		A1B5DC0019369ABF004AC763 /* PBXTargetDependency */ = {
			isa = PBXTargetDependency;
			target = A1B5DBD819369ABF004AC763 /* Calculator */;
			targetProxy = A1B5DBFF19369ABF004AC763 /* PBXContainerItemProxy */;
		};
/* End PBXTargetDependency section */

/* Begin PBXVariantGroup section */
		A1B5DBE519369ABF004AC763 /* InfoPlist.strings */ = {
			isa = PBXVariantGroup;
			children = (
				A1B5DBE619369ABF004AC763 /* en */,
			);
			name = InfoPlist.strings;
			sourceTree = "<group>";
		};
		A1B5DBEE19369ABF004AC763 /* Main.storyboard */ = {
			isa = PBXVariantGroup;
			children = (
				A1B5DBEF19369ABF004AC763 /* Base */,
			);
			name = Main.storyboard;
			sourceTree = "<group>";
		};
		A1B5DC0419369ABF004AC763 /* InfoPlist.strings */ = {
			isa = PBXVariantGroup;
			children = (
				A1B5DC0519369ABF004AC763 /* en */,
			);
			name = InfoPlist.strings;
			sourceTree = "<group>";
		};
/* End PBXVariantGroup section */

/* Begin XCBuildConfiguration section */
		A1B5DC0919369ABF004AC763 /* Debug */ = {
			isa = XCBuildConfiguration;
			buildSettings = {
				ALWAYS_SEARCH_USER_PATHS = NO;
				CLANG_CXX_LANGUAGE_STANDARD = "gnu++0x";
				CLANG_CXX_LIBRARY = "libc++";
				CLANG_ENABLE_MODULES = YES;
				CLANG_ENABLE_OBJC_ARC = YES;
				CLANG_WARN_BOOL_CONVERSION = YES;
				CLANG_WARN_CONSTANT_CONVERSION = YES;
				CLANG_WARN_DIRECT_OBJC_ISA_USAGE = YES_ERROR;
				CLANG_WARN_EMPTY_BODY = YES;
				CLANG_WARN_ENUM_CONVERSION = YES;
				CLANG_WARN_INT_CONVERSION = YES;
				CLANG_WARN_OBJC_ROOT_CLASS = YES_ERROR;
				CLANG_WARN__DUPLICATE_METHOD_MATCH = YES;
				"CODE_SIGN_IDENTITY[sdk=iphoneos*]" = "iPhone Developer";
				COPY_PHASE_STRIP = NO;
				GCC_C_LANGUAGE_STANDARD = gnu99;
				GCC_DYNAMIC_NO_PIC = NO;
				GCC_OPTIMIZATION_LEVEL = 0;
				GCC_PREPROCESSOR_DEFINITIONS = (
					"DEBUG=1",
					"$(inherited)",
				);
				GCC_SYMBOLS_PRIVATE_EXTERN = NO;
				GCC_WARN_64_TO_32_BIT_CONVERSION = YES;
				GCC_WARN_ABOUT_RETURN_TYPE = YES_ERROR;
				GCC_WARN_UNDECLARED_SELECTOR = YES;
				GCC_WARN_UNINITIALIZED_AUTOS = YES_AGGRESSIVE;
				GCC_WARN_UNUSED_FUNCTION = YES;
				GCC_WARN_UNUSED_VARIABLE = YES;
				IPHONEOS_DEPLOYMENT_TARGET = 7.1;
				ONLY_ACTIVE_ARCH = YES;
				SDKROOT = iphoneos;
				TARGETED_DEVICE_FAMILY = 2;
			};
			name = Debug;
		};
		A1B5DC0A19369ABF004AC763 /* Release */ = {
			isa = XCBuildConfiguration;
			buildSettings = {
				ALWAYS_SEARCH_USER_PATHS = NO;
				CLANG_CXX_LANGUAGE_STANDARD = "gnu++0x";
				CLANG_CXX_LIBRARY = "libc++";
				CLANG_ENABLE_MODULES = YES;
				CLANG_ENABLE_OBJC_ARC = YES;
				CLANG_WARN_BOOL_CONVERSION = YES;
				CLANG_WARN_CONSTANT_CONVERSION = YES;
				CLANG_WARN_DIRECT_OBJC_ISA_USAGE = YES_ERROR;
				CLANG_WARN_EMPTY_BODY = YES;
				CLANG_WARN_ENUM_CONVERSION = YES;
				CLANG_WARN_INT_CONVERSION = YES;
				CLANG_WARN_OBJC_ROOT_CLASS = YES_ERROR;
				CLANG_WARN__DUPLICATE_METHOD_MATCH = YES;
				"CODE_SIGN_IDENTITY[sdk=iphoneos*]" = "iPhone Developer";
				COPY_PHASE_STRIP = YES;
				ENABLE_NS_ASSERTIONS = NO;
				GCC_C_LANGUAGE_STANDARD = gnu99;
				GCC_WARN_64_TO_32_BIT_CONVERSION = YES;
				GCC_WARN_ABOUT_RETURN_TYPE = YES_ERROR;
				GCC_WARN_UNDECLARED_SELECTOR = YES;
				GCC_WARN_UNINITIALIZED_AUTOS = YES_AGGRESSIVE;
				GCC_WARN_UNUSED_FUNCTION = YES;
				GCC_WARN_UNUSED_VARIABLE = YES;
				IPHONEOS_DEPLOYMENT_TARGET = 7.1;
				SDKROOT = iphoneos;
				TARGETED_DEVICE_FAMILY = 2;
				VALIDATE_PRODUCT = YES;
			};
			name = Release;
		};
		A1B5DC0C19369ABF004AC763 /* Debug */ = {
			isa = XCBuildConfiguration;
			buildSettings = {
				ASSETCATALOG_COMPILER_APPICON_NAME = AppIcon;
				ASSETCATALOG_COMPILER_LAUNCHIMAGE_NAME = LaunchImage;
				GCC_PRECOMPILE_PREFIX_HEADER = YES;
				GCC_PREFIX_HEADER = "Calculator/Calculator-Prefix.pch";
				INFOPLIST_FILE = "Calculator/Calculator-Info.plist";
				PRODUCT_NAME = "$(TARGET_NAME)";
				WRAPPER_EXTENSION = app;
			};
			name = Debug;
		};
		A1B5DC0D19369ABF004AC763 /* Release */ = {
			isa = XCBuildConfiguration;
			buildSettings = {
				ASSETCATALOG_COMPILER_APPICON_NAME = AppIcon;
				ASSETCATALOG_COMPILER_LAUNCHIMAGE_NAME = LaunchImage;
				GCC_PRECOMPILE_PREFIX_HEADER = YES;
				GCC_PREFIX_HEADER = "Calculator/Calculator-Prefix.pch";
				INFOPLIST_FILE = "Calculator/Calculator-Info.plist";
				PRODUCT_NAME = "$(TARGET_NAME)";
				WRAPPER_EXTENSION = app;
			};
			name = Release;
		};
		A1B5DC0F19369ABF004AC763 /* Debug */ = {
			isa = XCBuildConfiguration;
			buildSettings = {
				BUNDLE_LOADER = "$(BUILT_PRODUCTS_DIR)/Calculator.app/Calculator";
				FRAMEWORK_SEARCH_PATHS = (
					"$(SDKROOT)/Developer/Library/Frameworks",
					"$(inherited)",
					"$(DEVELOPER_FRAMEWORKS_DIR)",
				);
				GCC_PRECOMPILE_PREFIX_HEADER = YES;
				GCC_PREFIX_HEADER = "Calculator/Calculator-Prefix.pch";
				GCC_PREPROCESSOR_DEFINITIONS = (
					"DEBUG=1",
					"$(inherited)",
				);
				INFOPLIST_FILE = "CalculatorTests/CalculatorTests-Info.plist";
				PRODUCT_NAME = "$(TARGET_NAME)";
				TEST_HOST = "$(BUNDLE_LOADER)";
				WRAPPER_EXTENSION = xctest;
			};
			name = Debug;
		};
		A1B5DC1019369ABF004AC763 /* Release */ = {
			isa = XCBuildConfiguration;
			buildSettings = {
				BUNDLE_LOADER = "$(BUILT_PRODUCTS_DIR)/Calculator.app/Calculator";
				FRAMEWORK_SEARCH_PATHS = (
					"$(SDKROOT)/Developer/Library/Frameworks",
					"$(inherited)",
					"$(DEVELOPER_FRAMEWORKS_DIR)",
				);
				GCC_PRECOMPILE_PREFIX_HEADER = YES;
				GCC_PREFIX_HEADER = "Calculator/Calculator-Prefix.pch";
				INFOPLIST_FILE = "CalculatorTests/CalculatorTests-Info.plist";
				PRODUCT_NAME = "$(TARGET_NAME)";
				TEST_HOST = "$(BUNDLE_LOADER)";
				WRAPPER_EXTENSION = xctest;
			};
			name = Release;
		};
/* End XCBuildConfiguration section */

/* Begin XCConfigurationList section */
		A1B5DBD419369ABF004AC763 /* Build configuration list for PBXProject "Calculator" */ = {
			isa = XCConfigurationList;
			buildConfigurations = (
				A1B5DC0919369ABF004AC763 /* Debug */,
				A1B5DC0A19369ABF004AC763 /* Release */,
			);
			defaultConfigurationIsVisible = 0;
			defaultConfigurationName = Release;
		};
		A1B5DC0B19369ABF004AC763 /* Build configuration list for PBXNativeTarget "Calculator" */ = {
			isa = XCConfigurationList;
			buildConfigurations = (
				A1B5DC0C19369ABF004AC763 /* Debug */,
				A1B5DC0D19369ABF004AC763 /* Release */,
			);
			defaultConfigurationIsVisible = 0;
		};
		A1B5DC0E19369ABF004AC763 /* Build configuration list for PBXNativeTarget "CalculatorTests" */ = {
			isa = XCConfigurationList;
			buildConfigurations = (
				A1B5DC0F19369ABF004AC763 /* Debug */,
				A1B5DC1019369ABF004AC763 /* Release */,
			);
			defaultConfigurationIsVisible = 0;
		};
/* End XCConfigurationList section */
	};
	rootObject = A1B5DBD119369ABF004AC763 /* Project object */;
}
